
Microsoft Visual Studio Solution File, Format Version 12.00
# Visual Studio Version 16
VisualStudioVersion = 16.0.29306.81
MinimumVisualStudioVersion = 10.0.40219.1
Project("{FAE04EC0-301F-11D3-BF4B-00C04F79EFBC}") = "Shopping", "Shopping\Shopping.csproj", "{BFC8077A-7639-488E-82D0-BCFCACFDB435}"
EndProject
Project("{FAE04EC0-301F-11D3-BF4B-00C04F79EFBC}") = "ShoppingLibrary", "ShoppingLibrary\ShoppingLibrary.csproj", "{2A8CACA5-1F5C-420B-8A04-C3BCB38AF603}"
EndProject
Project("{FAE04EC0-301F-11D3-BF4B-00C04F79EFBC}") = "WPFUI", "WPFUI\WPFUI.csproj", "{065FD77C-58F2-4483-89AB-D76F9182842B}"
EndProject
Global
	GlobalSection(SolutionConfigurationPlatforms) = preSolution
		Debug|Any CPU = Debug|Any CPU
		Release|Any CPU = Release|Any CPU
	EndGlobalSection
	GlobalSection(ProjectConfigurationPlatforms) = postSolution
		{BFC8077A-7639-488E-82D0-BCFCACFDB435}.Debug|Any CPU.ActiveCfg = Debug|Any CPU
		{BFC8077A-7639-488E-82D0-BCFCACFDB435}.Debug|Any CPU.Build.0 = Debug|Any CPU
		{BFC8077A-7639-488E-82D0-BCFCACFDB435}.Release|Any CPU.ActiveCfg = Release|Any CPU
		{BFC8077A-7639-488E-82D0-BCFCACFDB435}.Release|Any CPU.Build.0 = Release|Any CPU
		{2A8CACA5-1F5C-420B-8A04-C3BCB38AF603}.Debug|Any CPU.ActiveCfg = Debug|Any CPU
		{2A8CACA5-1F5C-420B-8A04-C3BCB38AF603}.Debug|Any CPU.Build.0 = Debug|Any CPU
		{2A8CACA5-1F5C-420B-8A04-C3BCB38AF603}.Release|Any CPU.ActiveCfg = Release|Any CPU
		{2A8CACA5-1F5C-420B-8A04-C3BCB38AF603}.Release|Any CPU.Build.0 = Release|Any CPU
		{065FD77C-58F2-4483-89AB-D76F9182842B}.Debug|Any CPU.ActiveCfg = Debug|Any CPU
		{065FD77C-58F2-4483-89AB-D76F9182842B}.Debug|Any CPU.Build.0 = Debug|Any CPU
		{065FD77C-58F2-4483-89AB-D76F9182842B}.Release|Any CPU.ActiveCfg = Release|Any CPU
		{065FD77C-58F2-4483-89AB-D76F9182842B}.Release|Any CPU.Build.0 = Release|Any CPU
	EndGlobalSection
	GlobalSection(SolutionProperties) = preSolution
		HideSolutionNode = FALSE
	EndGlobalSection
	GlobalSection(ExtensibilityGlobals) = postSolution
		SolutionGuid = {A4BA43A1-442F-468D-AEAD-F5EAEF4372F5}
	EndGlobalSection
EndGlobal
